
Microsoft Visual Studio Solution File, Format Version 12.00
Project("{FAE04EC0-301F-11D3-BF4B-00C04F79EFBC}") = "CompGame", "CompGame\CompGame.csproj", "{B718A4B1-3552-46C3-AB21-BA23D5D23531}"
EndProject
Global
	GlobalSection(SolutionConfigurationPlatforms) = preSolution
		Debug|Any CPU = Debug|Any CPU
		Release|Any CPU = Release|Any CPU
	EndGlobalSection
	GlobalSection(ProjectConfigurationPlatforms) = postSolution
		{B718A4B1-3552-46C3-AB21-BA23D5D23531}.Debug|Any CPU.ActiveCfg = Debug|Any CPU
		{B718A4B1-3552-46C3-AB21-BA23D5D23531}.Debug|Any CPU.Build.0 = Debug|Any CPU
		{B718A4B1-3552-46C3-AB21-BA23D5D23531}.Release|Any CPU.ActiveCfg = Release|Any CPU
		{B718A4B1-3552-46C3-AB21-BA23D5D23531}.Release|Any CPU.Build.0 = Release|Any CPU
	EndGlobalSection
EndGlobal
